{
    "_meta": {
        "hash": {
            "sha256": "5f0257fe8c7a73db1c8de519faa92c658282a01087eb2bfafba7962704c23e27"
        },
        "host-environment-markers": {
            "implementation_name": "cpython",
            "implementation_version": "0",
            "os_name": "posix",
            "platform_machine": "x86_64",
            "platform_python_implementation": "CPython",
            "platform_release": "3.16.0-4-amd64",
            "platform_system": "Linux",
            "platform_version": "#1 SMP Debian 3.16.43-2+deb8u5 (2017-09-19)",
            "python_full_version": "2.7.9",
            "python_version": "2.7",
            "sys_platform": "linux2"
        },
        "pipfile-spec": 6,
        "requires": {},
        "sources": [
            {
                "name": "pypi",
                "url": "https://pypi.python.org/simple",
                "verify_ssl": true
            }
        ]
    },
    "default": {},
    "develop": {}
}
